{
  "version": 4,
  "terraform_version": "1.14.7",
  "serial": 1,
  "lineage": "1e3762d3-7e66-7155-4a50-7c344f0f1c2c",
  "outputs": {},
  "resources": [
    {
      "mode": "managed",
      "type": "aws_iam_user",
      "name": "admin_user",
      "provider": "provider[\"registry.terraform.io/hashicorp/aws\"]",
      "instances": [
        {
          "schema_version": 0,
          "attributes": {
            "arn": "arn:aws:iam::634277008460:user/lucy",
            "force_destroy": false,
            "id": "lucy",
            "name": "lucy",
            "path": "/",
            "permissions_boundary": "",
            "tags": {
              "Description": "Technical Team Leader"
            },
            "tags_all": {
              "Description": "Technical Team Leader"
            },
            "unique_id": "AIDAZHLO3CRGNST7S7B34"
          },
          "sensitive_attributes": [],
          "identity_schema_version": 0,
          "identity": {
            "account_id": "634277008460",
            "name": "lucy"
          },
          "private": "bnVsbA=="
        }
      ]
    }
  ],
  "check_results": null
}
